
Microsoft Visual Studio Solution File, Format Version 12.00
# Visual Studio Version 17
VisualStudioVersion = 17.9.34607.119
MinimumVisualStudioVersion = 10.0.40219.1
Project("{FAE04EC0-301F-11D3-BF4B-00C04F79EFBC}") = "L01-2021AA602", "L01-2021AA602\L01-2021AA602.csproj", "{5DA986D8-F5D5-4524-8E36-347016A9CA56}"
EndProject
Global
	GlobalSection(SolutionConfigurationPlatforms) = preSolution
		Debug|Any CPU = Debug|Any CPU
		Release|Any CPU = Release|Any CPU
	EndGlobalSection
	GlobalSection(ProjectConfigurationPlatforms) = postSolution
		{5DA986D8-F5D5-4524-8E36-347016A9CA56}.Debug|Any CPU.ActiveCfg = Debug|Any CPU
		{5DA986D8-F5D5-4524-8E36-347016A9CA56}.Debug|Any CPU.Build.0 = Debug|Any CPU
		{5DA986D8-F5D5-4524-8E36-347016A9CA56}.Release|Any CPU.ActiveCfg = Release|Any CPU
		{5DA986D8-F5D5-4524-8E36-347016A9CA56}.Release|Any CPU.Build.0 = Release|Any CPU
	EndGlobalSection
	GlobalSection(SolutionProperties) = preSolution
		HideSolutionNode = FALSE
	EndGlobalSection
	GlobalSection(ExtensibilityGlobals) = postSolution
		SolutionGuid = {2FB54EB7-9BA9-4231-BDBA-28FBA8F143E3}
	EndGlobalSection
EndGlobal
